
Microsoft Visual Studio Solution File, Format Version 12.00
# Visual Studio 15
VisualStudioVersion = 15.0.27428.2043
MinimumVisualStudioVersion = 10.0.40219.1
Project("{F184B08F-C81C-45F6-A57F-5ABD9991F28F}") = "Trickster_PacketCapture_GUI", "Trickster_PacketCapture_GUI\Trickster_PacketCapture_GUI.vbproj", "{4754DFDF-D32F-4F71-BFA3-4D7529AFDEBE}"
EndProject
Global
	GlobalSection(SolutionConfigurationPlatforms) = preSolution
		Debug|Any CPU = Debug|Any CPU
		Release|Any CPU = Release|Any CPU
	EndGlobalSection
	GlobalSection(ProjectConfigurationPlatforms) = postSolution
		{4754DFDF-D32F-4F71-BFA3-4D7529AFDEBE}.Debug|Any CPU.ActiveCfg = Debug|Any CPU
		{4754DFDF-D32F-4F71-BFA3-4D7529AFDEBE}.Debug|Any CPU.Build.0 = Debug|Any CPU
		{4754DFDF-D32F-4F71-BFA3-4D7529AFDEBE}.Release|Any CPU.ActiveCfg = Release|Any CPU
		{4754DFDF-D32F-4F71-BFA3-4D7529AFDEBE}.Release|Any CPU.Build.0 = Release|Any CPU
	EndGlobalSection
	GlobalSection(SolutionProperties) = preSolution
		HideSolutionNode = FALSE
	EndGlobalSection
	GlobalSection(ExtensibilityGlobals) = postSolution
		SolutionGuid = {311F9F1C-475E-4CD5-86E2-A79C032ECFDB}
	EndGlobalSection
EndGlobal
